
Microsoft Visual Studio Solution File, Format Version 12.00
# Visual Studio 15
VisualStudioVersion = 15.0.28307.168
MinimumVisualStudioVersion = 10.0.40219.1
Project("{FAE04EC0-301F-11D3-BF4B-00C04F79EFBC}") = "DataformValidation.Android", "DataformValidation\DataformValidation.Android\DataformValidation.Android.csproj", "{0CD129F5-1EE9-4F33-9CC8-13DB1456B51C}"
EndProject
Project("{FAE04EC0-301F-11D3-BF4B-00C04F79EFBC}") = "DataformValidation.iOS", "DataformValidation\DataformValidation.iOS\DataformValidation.iOS.csproj", "{82134B47-DF2F-4CD0-A999-3080DF77541E}"
EndProject
Project("{FAE04EC0-301F-11D3-BF4B-00C04F79EFBC}") = "DataformValidation.UWP", "DataformValidation\DataformValidation.UWP\DataformValidation.UWP.csproj", "{9A4E71B1-5DEB-4000-8D76-7F147FE82743}"
EndProject
Project("{FAE04EC0-301F-11D3-BF4B-00C04F79EFBC}") = "DataformValidation", "DataformValidation\DataformValidation\DataformValidation.csproj", "{2E50B107-0796-4794-9CDA-ADD4BC3D4A64}"
EndProject
Global
	GlobalSection(SolutionConfigurationPlatforms) = preSolution
		Ad-Hoc|Any CPU = Ad-Hoc|Any CPU
		Ad-Hoc|ARM = Ad-Hoc|ARM
		Ad-Hoc|iPhone = Ad-Hoc|iPhone
		Ad-Hoc|iPhoneSimulator = Ad-Hoc|iPhoneSimulator
		Ad-Hoc|x64 = Ad-Hoc|x64
		Ad-Hoc|x86 = Ad-Hoc|x86
		AppStore|Any CPU = AppStore|Any CPU
		AppStore|ARM = AppStore|ARM
		AppStore|iPhone = AppStore|iPhone
		AppStore|iPhoneSimulator = AppStore|iPhoneSimulator
		AppStore|x64 = AppStore|x64
		AppStore|x86 = AppStore|x86
		Debug|Any CPU = Debug|Any CPU
		Debug|ARM = Debug|ARM
		Debug|iPhone = Debug|iPhone
		Debug|iPhoneSimulator = Debug|iPhoneSimulator
		Debug|x64 = Debug|x64
		Debug|x86 = Debug|x86
		Release|Any CPU = Release|Any CPU
		Release|ARM = Release|ARM
		Release|iPhone = Release|iPhone
		Release|iPhoneSimulator = Release|iPhoneSimulator
		Release|x64 = Release|x64
		Release|x86 = Release|x86
	EndGlobalSection
	GlobalSection(ProjectConfigurationPlatforms) = postSolution
		{0CD129F5-1EE9-4F33-9CC8-13DB1456B51C}.Ad-Hoc|Any CPU.ActiveCfg = Release|Any CPU
		{0CD129F5-1EE9-4F33-9CC8-13DB1456B51C}.Ad-Hoc|Any CPU.Build.0 = Release|Any CPU
		{0CD129F5-1EE9-4F33-9CC8-13DB1456B51C}.Ad-Hoc|Any CPU.Deploy.0 = Release|Any CPU
		{0CD129F5-1EE9-4F33-9CC8-13DB1456B51C}.Ad-Hoc|ARM.ActiveCfg = Release|Any CPU
		{0CD129F5-1EE9-4F33-9CC8-13DB1456B51C}.Ad-Hoc|ARM.Build.0 = Release|Any CPU
		{0CD129F5-1EE9-4F33-9CC8-13DB1456B51C}.Ad-Hoc|ARM.Deploy.0 = Release|Any CPU
		{0CD129F5-1EE9-4F33-9CC8-13DB1456B51C}.Ad-Hoc|iPhone.ActiveCfg = Release|Any CPU
		{0CD129F5-1EE9-4F33-9CC8-13DB1456B51C}.Ad-Hoc|iPhone.Build.0 = Release|Any CPU
		{0CD129F5-1EE9-4F33-9CC8-13DB1456B51C}.Ad-Hoc|iPhone.Deploy.0 = Release|Any CPU
		{0CD129F5-1EE9-4F33-9CC8-13DB1456B51C}.Ad-Hoc|iPhoneSimulator.ActiveCfg = Release|Any CPU
		{0CD129F5-1EE9-4F33-9CC8-13DB1456B51C}.Ad-Hoc|iPhoneSimulator.Build.0 = Release|Any CPU
		{0CD129F5-1EE9-4F33-9CC8-13DB1456B51C}.Ad-Hoc|iPhoneSimulator.Deploy.0 = Release|Any CPU
		{0CD129F5-1EE9-4F33-9CC8-13DB1456B51C}.Ad-Hoc|x64.ActiveCfg = Release|Any CPU
		{0CD129F5-1EE9-4F33-9CC8-13DB1456B51C}.Ad-Hoc|x64.Build.0 = Release|Any CPU
		{0CD129F5-1EE9-4F33-9CC8-13DB1456B51C}.Ad-Hoc|x64.Deploy.0 = Release|Any CPU
		{0CD129F5-1EE9-4F33-9CC8-13DB1456B51C}.Ad-Hoc|x86.ActiveCfg = Release|Any CPU
		{0CD129F5-1EE9-4F33-9CC8-13DB1456B51C}.Ad-Hoc|x86.Build.0 = Release|Any CPU
		{0CD129F5-1EE9-4F33-9CC8-13DB1456B51C}.Ad-Hoc|x86.Deploy.0 = Release|Any CPU
		{0CD129F5-1EE9-4F33-9CC8-13DB1456B51C}.AppStore|Any CPU.ActiveCfg = Release|Any CPU
		{0CD129F5-1EE9-4F33-9CC8-13DB1456B51C}.AppStore|Any CPU.Build.0 = Release|Any CPU
		{0CD129F5-1EE9-4F33-9CC8-13DB1456B51C}.AppStore|Any CPU.Deploy.0 = Release|Any CPU
		{0CD129F5-1EE9-4F33-9CC8-13DB1456B51C}.AppStore|ARM.ActiveCfg = Release|Any CPU
		{0CD129F5-1EE9-4F33-9CC8-13DB1456B51C}.AppStore|ARM.Build.0 = Release|Any CPU
		{0CD129F5-1EE9-4F33-9CC8-13DB1456B51C}.AppStore|ARM.Deploy.0 = Release|Any CPU
		{0CD129F5-1EE9-4F33-9CC8-13DB1456B51C}.AppStore|iPhone.ActiveCfg = Release|Any CPU
		{0CD129F5-1EE9-4F33-9CC8-13DB1456B51C}.AppStore|iPhone.Build.0 = Release|Any CPU
		{0CD129F5-1EE9-4F33-9CC8-13DB1456B51C}.AppStore|iPhone.Deploy.0 = Release|Any CPU
		{0CD129F5-1EE9-4F33-9CC8-13DB1456B51C}.AppStore|iPhoneSimulator.ActiveCfg = Release|Any CPU
		{0CD129F5-1EE9-4F33-9CC8-13DB1456B51C}.AppStore|iPhoneSimulator.Build.0 = Release|Any CPU
		{0CD129F5-1EE9-4F33-9CC8-13DB1456B51C}.AppStore|iPhoneSimulator.Deploy.0 = Release|Any CPU
		{0CD129F5-1EE9-4F33-9CC8-13DB1456B51C}.AppStore|x64.ActiveCfg = Release|Any CPU
		{0CD129F5-1EE9-4F33-9CC8-13DB1456B51C}.AppStore|x64.Build.0 = Release|Any CPU
		{0CD129F5-1EE9-4F33-9CC8-13DB1456B51C}.AppStore|x64.Deploy.0 = Release|Any CPU
		{0CD129F5-1EE9-4F33-9CC8-13DB1456B51C}.AppStore|x86.ActiveCfg = Release|Any CPU
		{0CD129F5-1EE9-4F33-9CC8-13DB1456B51C}.AppStore|x86.Build.0 = Release|Any CPU
		{0CD129F5-1EE9-4F33-9CC8-13DB1456B51C}.AppStore|x86.Deploy.0 = Release|Any CPU
		{0CD129F5-1EE9-4F33-9CC8-13DB1456B51C}.Debug|Any CPU.ActiveCfg = Debug|Any CPU
		{0CD129F5-1EE9-4F33-9CC8-13DB1456B51C}.Debug|Any CPU.Build.0 = Debug|Any CPU
		{0CD129F5-1EE9-4F33-9CC8-13DB1456B51C}.Debug|Any CPU.Deploy.0 = Debug|Any CPU
		{0CD129F5-1EE9-4F33-9CC8-13DB1456B51C}.Debug|ARM.ActiveCfg = Debug|Any CPU
		{0CD129F5-1EE9-4F33-9CC8-13DB1456B51C}.Debug|ARM.Build.0 = Debug|Any CPU
		{0CD129F5-1EE9-4F33-9CC8-13DB1456B51C}.Debug|ARM.Deploy.0 = Debug|Any CPU
		{0CD129F5-1EE9-4F33-9CC8-13DB1456B51C}.Debug|iPhone.ActiveCfg = Debug|Any CPU
		{0CD129F5-1EE9-4F33-9CC8-13DB1456B51C}.Debug|iPhone.Build.0 = Debug|Any CPU
		{0CD129F5-1EE9-4F33-9CC8-13DB1456B51C}.Debug|iPhone.Deploy.0 = Debug|Any CPU
		{0CD129F5-1EE9-4F33-9CC8-13DB1456B51C}.Debug|iPhoneSimulator.ActiveCfg = Debug|Any CPU
		{0CD129F5-1EE9-4F33-9CC8-13DB1456B51C}.Debug|iPhoneSimulator.Build.0 = Debug|Any CPU
		{0CD129F5-1EE9-4F33-9CC8-13DB1456B51C}.Debug|iPhoneSimulator.Deploy.0 = Debug|Any CPU
		{0CD129F5-1EE9-4F33-9CC8-13DB1456B51C}.Debug|x64.ActiveCfg = Debug|Any CPU
		{0CD129F5-1EE9-4F33-9CC8-13DB1456B51C}.Debug|x64.Build.0 = Debug|Any CPU
		{0CD129F5-1EE9-4F33-9CC8-13DB1456B51C}.Debug|x64.Deploy.0 = Debug|Any CPU
		{0CD129F5-1EE9-4F33-9CC8-13DB1456B51C}.Debug|x86.ActiveCfg = Debug|Any CPU
		{0CD129F5-1EE9-4F33-9CC8-13DB1456B51C}.Debug|x86.Build.0 = Debug|Any CPU
		{0CD129F5-1EE9-4F33-9CC8-13DB1456B51C}.Debug|x86.Deploy.0 = Debug|Any CPU
		{0CD129F5-1EE9-4F33-9CC8-13DB1456B51C}.Release|Any CPU.ActiveCfg = Release|Any CPU
		{0CD129F5-1EE9-4F33-9CC8-13DB1456B51C}.Release|Any CPU.Build.0 = Release|Any CPU
		{0CD129F5-1EE9-4F33-9CC8-13DB1456B51C}.Release|Any CPU.Deploy.0 = Release|Any CPU
		{0CD129F5-1EE9-4F33-9CC8-13DB1456B51C}.Release|ARM.ActiveCfg = Release|Any CPU
		{0CD129F5-1EE9-4F33-9CC8-13DB1456B51C}.Release|ARM.Build.0 = Release|Any CPU
		{0CD129F5-1EE9-4F33-9CC8-13DB1456B51C}.Release|ARM.Deploy.0 = Release|Any CPU
		{0CD129F5-1EE9-4F33-9CC8-13DB1456B51C}.Release|iPhone.ActiveCfg = Release|Any CPU
		{0CD129F5-1EE9-4F33-9CC8-13DB1456B51C}.Release|iPhone.Build.0 = Release|Any CPU
		{0CD129F5-1EE9-4F33-9CC8-13DB1456B51C}.Release|iPhone.Deploy.0 = Release|Any CPU
		{0CD129F5-1EE9-4F33-9CC8-13DB1456B51C}.Release|iPhoneSimulator.ActiveCfg = Release|Any CPU
		{0CD129F5-1EE9-4F33-9CC8-13DB1456B51C}.Release|iPhoneSimulator.Build.0 = Release|Any CPU
		{0CD129F5-1EE9-4F33-9CC8-13DB1456B51C}.Release|iPhoneSimulator.Deploy.0 = Release|Any CPU
		{0CD129F5-1EE9-4F33-9CC8-13DB1456B51C}.Release|x64.ActiveCfg = Release|Any CPU
		{0CD129F5-1EE9-4F33-9CC8-13DB1456B51C}.Release|x64.Build.0 = Release|Any CPU
		{0CD129F5-1EE9-4F33-9CC8-13DB1456B51C}.Release|x64.Deploy.0 = Release|Any CPU
		{0CD129F5-1EE9-4F33-9CC8-13DB1456B51C}.Release|x86.ActiveCfg = Release|Any CPU
		{0CD129F5-1EE9-4F33-9CC8-13DB1456B51C}.Release|x86.Build.0 = Release|Any CPU
		{0CD129F5-1EE9-4F33-9CC8-13DB1456B51C}.Release|x86.Deploy.0 = Release|Any CPU
		{82134B47-DF2F-4CD0-A999-3080DF77541E}.Ad-Hoc|Any CPU.ActiveCfg = Ad-Hoc|iPhone
		{82134B47-DF2F-4CD0-A999-3080DF77541E}.Ad-Hoc|Any CPU.Build.0 = Ad-Hoc|iPhone
		{82134B47-DF2F-4CD0-A999-3080DF77541E}.Ad-Hoc|Any CPU.Deploy.0 = Ad-Hoc|iPhone
		{82134B47-DF2F-4CD0-A999-3080DF77541E}.Ad-Hoc|ARM.ActiveCfg = Ad-Hoc|iPhone
		{82134B47-DF2F-4CD0-A999-3080DF77541E}.Ad-Hoc|ARM.Build.0 = Ad-Hoc|iPhone
		{82134B47-DF2F-4CD0-A999-3080DF77541E}.Ad-Hoc|ARM.Deploy.0 = Ad-Hoc|iPhone
		{82134B47-DF2F-4CD0-A999-3080DF77541E}.Ad-Hoc|iPhone.ActiveCfg = Ad-Hoc|iPhone
		{82134B47-DF2F-4CD0-A999-3080DF77541E}.Ad-Hoc|iPhone.Build.0 = Ad-Hoc|iPhone
		{82134B47-DF2F-4CD0-A999-3080DF77541E}.Ad-Hoc|iPhone.Deploy.0 = Ad-Hoc|iPhone
		{82134B47-DF2F-4CD0-A999-3080DF77541E}.Ad-Hoc|iPhoneSimulator.ActiveCfg = Ad-Hoc|iPhoneSimulator
		{82134B47-DF2F-4CD0-A999-3080DF77541E}.Ad-Hoc|iPhoneSimulator.Build.0 = Ad-Hoc|iPhoneSimulator
		{82134B47-DF2F-4CD0-A999-3080DF77541E}.Ad-Hoc|iPhoneSimulator.Deploy.0 = Ad-Hoc|iPhoneSimulator
		{82134B47-DF2F-4CD0-A999-3080DF77541E}.Ad-Hoc|x64.ActiveCfg = Ad-Hoc|iPhone
		{82134B47-DF2F-4CD0-A999-3080DF77541E}.Ad-Hoc|x64.Build.0 = Ad-Hoc|iPhone
		{82134B47-DF2F-4CD0-A999-3080DF77541E}.Ad-Hoc|x64.Deploy.0 = Ad-Hoc|iPhone
		{82134B47-DF2F-4CD0-A999-3080DF77541E}.Ad-Hoc|x86.ActiveCfg = Ad-Hoc|iPhone
		{82134B47-DF2F-4CD0-A999-3080DF77541E}.Ad-Hoc|x86.Build.0 = Ad-Hoc|iPhone
		{82134B47-DF2F-4CD0-A999-3080DF77541E}.Ad-Hoc|x86.Deploy.0 = Ad-Hoc|iPhone
		{82134B47-DF2F-4CD0-A999-3080DF77541E}.AppStore|Any CPU.ActiveCfg = AppStore|iPhone
		{82134B47-DF2F-4CD0-A999-3080DF77541E}.AppStore|Any CPU.Build.0 = AppStore|iPhone
		{82134B47-DF2F-4CD0-A999-3080DF77541E}.AppStore|Any CPU.Deploy.0 = AppStore|iPhone
		{82134B47-DF2F-4CD0-A999-3080DF77541E}.AppStore|ARM.ActiveCfg = AppStore|iPhone
		{82134B47-DF2F-4CD0-A999-3080DF77541E}.AppStore|ARM.Build.0 = AppStore|iPhone
		{82134B47-DF2F-4CD0-A999-3080DF77541E}.AppStore|ARM.Deploy.0 = AppStore|iPhone
		{82134B47-DF2F-4CD0-A999-3080DF77541E}.AppStore|iPhone.ActiveCfg = AppStore|iPhone
		{82134B47-DF2F-4CD0-A999-3080DF77541E}.AppStore|iPhone.Build.0 = AppStore|iPhone
		{82134B47-DF2F-4CD0-A999-3080DF77541E}.AppStore|iPhone.Deploy.0 = AppStore|iPhone
		{82134B47-DF2F-4CD0-A999-3080DF77541E}.AppStore|iPhoneSimulator.ActiveCfg = AppStore|iPhoneSimulator
		{82134B47-DF2F-4CD0-A999-3080DF77541E}.AppStore|iPhoneSimulator.Build.0 = AppStore|iPhoneSimulator
		{82134B47-DF2F-4CD0-A999-3080DF77541E}.AppStore|iPhoneSimulator.Deploy.0 = AppStore|iPhoneSimulator
		{82134B47-DF2F-4CD0-A999-3080DF77541E}.AppStore|x64.ActiveCfg = AppStore|iPhone
		{82134B47-DF2F-4CD0-A999-3080DF77541E}.AppStore|x64.Build.0 = AppStore|iPhone
		{82134B47-DF2F-4CD0-A999-3080DF77541E}.AppStore|x64.Deploy.0 = AppStore|iPhone
		{82134B47-DF2F-4CD0-A999-3080DF77541E}.AppStore|x86.ActiveCfg = AppStore|iPhone
		{82134B47-DF2F-4CD0-A999-3080DF77541E}.AppStore|x86.Build.0 = AppStore|iPhone
		{82134B47-DF2F-4CD0-A999-3080DF77541E}.AppStore|x86.Deploy.0 = AppStore|iPhone
		{82134B47-DF2F-4CD0-A999-3080DF77541E}.Debug|Any CPU.ActiveCfg = Debug|iPhoneSimulator
		{82134B47-DF2F-4CD0-A999-3080DF77541E}.Debug|Any CPU.Build.0 = Debug|iPhoneSimulator
		{82134B47-DF2F-4CD0-A999-3080DF77541E}.Debug|Any CPU.Deploy.0 = Debug|iPhoneSimulator
		{82134B47-DF2F-4CD0-A999-3080DF77541E}.Debug|ARM.ActiveCfg = Debug|iPhone
		{82134B47-DF2F-4CD0-A999-3080DF77541E}.Debug|ARM.Build.0 = Debug|iPhone
		{82134B47-DF2F-4CD0-A999-3080DF77541E}.Debug|ARM.Deploy.0 = Debug|iPhone
		{82134B47-DF2F-4CD0-A999-3080DF77541E}.Debug|iPhone.ActiveCfg = Debug|iPhone
		{82134B47-DF2F-4CD0-A999-3080DF77541E}.Debug|iPhone.Build.0 = Debug|iPhone
		{82134B47-DF2F-4CD0-A999-3080DF77541E}.Debug|iPhone.Deploy.0 = Debug|iPhone
		{82134B47-DF2F-4CD0-A999-3080DF77541E}.Debug|iPhoneSimulator.ActiveCfg = Debug|iPhoneSimulator
		{82134B47-DF2F-4CD0-A999-3080DF77541E}.Debug|iPhoneSimulator.Build.0 = Debug|iPhoneSimulator
		{82134B47-DF2F-4CD0-A999-3080DF77541E}.Debug|iPhoneSimulator.Deploy.0 = Debug|iPhoneSimulator
		{82134B47-DF2F-4CD0-A999-3080DF77541E}.Debug|x64.ActiveCfg = Debug|iPhone
		{82134B47-DF2F-4CD0-A999-3080DF77541E}.Debug|x64.Build.0 = Debug|iPhone
		{82134B47-DF2F-4CD0-A999-3080DF77541E}.Debug|x64.Deploy.0 = Debug|iPhone
		{82134B47-DF2F-4CD0-A999-3080DF77541E}.Debug|x86.ActiveCfg = Debug|iPhone
		{82134B47-DF2F-4CD0-A999-3080DF77541E}.Debug|x86.Build.0 = Debug|iPhone
		{82134B47-DF2F-4CD0-A999-3080DF77541E}.Debug|x86.Deploy.0 = Debug|iPhone
		{82134B47-DF2F-4CD0-A999-3080DF77541E}.Release|Any CPU.ActiveCfg = Release|iPhone
		{82134B47-DF2F-4CD0-A999-3080DF77541E}.Release|Any CPU.Build.0 = Release|iPhone
		{82134B47-DF2F-4CD0-A999-3080DF77541E}.Release|Any CPU.Deploy.0 = Release|iPhone
		{82134B47-DF2F-4CD0-A999-3080DF77541E}.Release|ARM.ActiveCfg = Release|iPhone
		{82134B47-DF2F-4CD0-A999-3080DF77541E}.Release|ARM.Build.0 = Release|iPhone
		{82134B47-DF2F-4CD0-A999-3080DF77541E}.Release|ARM.Deploy.0 = Release|iPhone
		{82134B47-DF2F-4CD0-A999-3080DF77541E}.Release|iPhone.ActiveCfg = Release|iPhone
		{82134B47-DF2F-4CD0-A999-3080DF77541E}.Release|iPhone.Build.0 = Release|iPhone
		{82134B47-DF2F-4CD0-A999-3080DF77541E}.Release|iPhone.Deploy.0 = Release|iPhone
		{82134B47-DF2F-4CD0-A999-3080DF77541E}.Release|iPhoneSimulator.ActiveCfg = Release|iPhoneSimulator
		{82134B47-DF2F-4CD0-A999-3080DF77541E}.Release|iPhoneSimulator.Build.0 = Release|iPhoneSimulator
		{82134B47-DF2F-4CD0-A999-3080DF77541E}.Release|iPhoneSimulator.Deploy.0 = Release|iPhoneSimulator
		{82134B47-DF2F-4CD0-A999-3080DF77541E}.Release|x64.ActiveCfg = Release|iPhone
		{82134B47-DF2F-4CD0-A999-3080DF77541E}.Release|x64.Build.0 = Release|iPhone
		{82134B47-DF2F-4CD0-A999-3080DF77541E}.Release|x64.Deploy.0 = Release|iPhone
		{82134B47-DF2F-4CD0-A999-3080DF77541E}.Release|x86.ActiveCfg = Release|iPhone
		{82134B47-DF2F-4CD0-A999-3080DF77541E}.Release|x86.Build.0 = Release|iPhone
		{82134B47-DF2F-4CD0-A999-3080DF77541E}.Release|x86.Deploy.0 = Release|iPhone
		{9A4E71B1-5DEB-4000-8D76-7F147FE82743}.Ad-Hoc|Any CPU.ActiveCfg = Release|x86
		{9A4E71B1-5DEB-4000-8D76-7F147FE82743}.Ad-Hoc|Any CPU.Build.0 = Release|x86
		{9A4E71B1-5DEB-4000-8D76-7F147FE82743}.Ad-Hoc|Any CPU.Deploy.0 = Release|x86
		{9A4E71B1-5DEB-4000-8D76-7F147FE82743}.Ad-Hoc|ARM.ActiveCfg = Release|ARM
		{9A4E71B1-5DEB-4000-8D76-7F147FE82743}.Ad-Hoc|ARM.Build.0 = Release|ARM
		{9A4E71B1-5DEB-4000-8D76-7F147FE82743}.Ad-Hoc|ARM.Deploy.0 = Release|ARM
		{9A4E71B1-5DEB-4000-8D76-7F147FE82743}.Ad-Hoc|iPhone.ActiveCfg = Release|x86
		{9A4E71B1-5DEB-4000-8D76-7F147FE82743}.Ad-Hoc|iPhone.Build.0 = Release|x86
		{9A4E71B1-5DEB-4000-8D76-7F147FE82743}.Ad-Hoc|iPhone.Deploy.0 = Release|x86
		{9A4E71B1-5DEB-4000-8D76-7F147FE82743}.Ad-Hoc|iPhoneSimulator.ActiveCfg = Release|x86
		{9A4E71B1-5DEB-4000-8D76-7F147FE82743}.Ad-Hoc|iPhoneSimulator.Build.0 = Release|x86
		{9A4E71B1-5DEB-4000-8D76-7F147FE82743}.Ad-Hoc|iPhoneSimulator.Deploy.0 = Release|x86
		{9A4E71B1-5DEB-4000-8D76-7F147FE82743}.Ad-Hoc|x64.ActiveCfg = Release|x64
		{9A4E71B1-5DEB-4000-8D76-7F147FE82743}.Ad-Hoc|x64.Build.0 = Release|x64
		{9A4E71B1-5DEB-4000-8D76-7F147FE82743}.Ad-Hoc|x64.Deploy.0 = Release|x64
		{9A4E71B1-5DEB-4000-8D76-7F147FE82743}.Ad-Hoc|x86.ActiveCfg = Release|x86
		{9A4E71B1-5DEB-4000-8D76-7F147FE82743}.Ad-Hoc|x86.Build.0 = Release|x86
		{9A4E71B1-5DEB-4000-8D76-7F147FE82743}.Ad-Hoc|x86.Deploy.0 = Release|x86
		{9A4E71B1-5DEB-4000-8D76-7F147FE82743}.AppStore|Any CPU.ActiveCfg = Release|x86
		{9A4E71B1-5DEB-4000-8D76-7F147FE82743}.AppStore|Any CPU.Build.0 = Release|x86
		{9A4E71B1-5DEB-4000-8D76-7F147FE82743}.AppStore|Any CPU.Deploy.0 = Release|x86
		{9A4E71B1-5DEB-4000-8D76-7F147FE82743}.AppStore|ARM.ActiveCfg = Release|ARM
		{9A4E71B1-5DEB-4000-8D76-7F147FE82743}.AppStore|ARM.Build.0 = Release|ARM
		{9A4E71B1-5DEB-4000-8D76-7F147FE82743}.AppStore|ARM.Deploy.0 = Release|ARM
		{9A4E71B1-5DEB-4000-8D76-7F147FE82743}.AppStore|iPhone.ActiveCfg = Release|x86
		{9A4E71B1-5DEB-4000-8D76-7F147FE82743}.AppStore|iPhone.Build.0 = Release|x86
		{9A4E71B1-5DEB-4000-8D76-7F147FE82743}.AppStore|iPhone.Deploy.0 = Release|x86
		{9A4E71B1-5DEB-4000-8D76-7F147FE82743}.AppStore|iPhoneSimulator.ActiveCfg = Release|x86
		{9A4E71B1-5DEB-4000-8D76-7F147FE82743}.AppStore|iPhoneSimulator.Build.0 = Release|x86
		{9A4E71B1-5DEB-4000-8D76-7F147FE82743}.AppStore|iPhoneSimulator.Deploy.0 = Release|x86
		{9A4E71B1-5DEB-4000-8D76-7F147FE82743}.AppStore|x64.ActiveCfg = Release|x64
		{9A4E71B1-5DEB-4000-8D76-7F147FE82743}.AppStore|x64.Build.0 = Release|x64
		{9A4E71B1-5DEB-4000-8D76-7F147FE82743}.AppStore|x64.Deploy.0 = Release|x64
		{9A4E71B1-5DEB-4000-8D76-7F147FE82743}.AppStore|x86.ActiveCfg = Release|x86
		{9A4E71B1-5DEB-4000-8D76-7F147FE82743}.AppStore|x86.Build.0 = Release|x86
		{9A4E71B1-5DEB-4000-8D76-7F147FE82743}.AppStore|x86.Deploy.0 = Release|x86
		{9A4E71B1-5DEB-4000-8D76-7F147FE82743}.Debug|Any CPU.ActiveCfg = Debug|x86
		{9A4E71B1-5DEB-4000-8D76-7F147FE82743}.Debug|Any CPU.Build.0 = Debug|x86
		{9A4E71B1-5DEB-4000-8D76-7F147FE82743}.Debug|Any CPU.Deploy.0 = Debug|x86
		{9A4E71B1-5DEB-4000-8D76-7F147FE82743}.Debug|ARM.ActiveCfg = Debug|ARM
		{9A4E71B1-5DEB-4000-8D76-7F147FE82743}.Debug|ARM.Build.0 = Debug|ARM
		{9A4E71B1-5DEB-4000-8D76-7F147FE82743}.Debug|ARM.Deploy.0 = Debug|ARM
		{9A4E71B1-5DEB-4000-8D76-7F147FE82743}.Debug|iPhone.ActiveCfg = Debug|x86
		{9A4E71B1-5DEB-4000-8D76-7F147FE82743}.Debug|iPhone.Build.0 = Debug|x86
		{9A4E71B1-5DEB-4000-8D76-7F147FE82743}.Debug|iPhone.Deploy.0 = Debug|x86
		{9A4E71B1-5DEB-4000-8D76-7F147FE82743}.Debug|iPhoneSimulator.ActiveCfg = Debug|x86
		{9A4E71B1-5DEB-4000-8D76-7F147FE82743}.Debug|iPhoneSimulator.Build.0 = Debug|x86
		{9A4E71B1-5DEB-4000-8D76-7F147FE82743}.Debug|iPhoneSimulator.Deploy.0 = Debug|x86
		{9A4E71B1-5DEB-4000-8D76-7F147FE82743}.Debug|x64.ActiveCfg = Debug|x64
		{9A4E71B1-5DEB-4000-8D76-7F147FE82743}.Debug|x64.Build.0 = Debug|x64
		{9A4E71B1-5DEB-4000-8D76-7F147FE82743}.Debug|x64.Deploy.0 = Debug|x64
		{9A4E71B1-5DEB-4000-8D76-7F147FE82743}.Debug|x86.ActiveCfg = Debug|x86
		{9A4E71B1-5DEB-4000-8D76-7F147FE82743}.Debug|x86.Build.0 = Debug|x86
		{9A4E71B1-5DEB-4000-8D76-7F147FE82743}.Debug|x86.Deploy.0 = Debug|x86
		{9A4E71B1-5DEB-4000-8D76-7F147FE82743}.Release|Any CPU.ActiveCfg = Release|x86
		{9A4E71B1-5DEB-4000-8D76-7F147FE82743}.Release|Any CPU.Build.0 = Release|x86
		{9A4E71B1-5DEB-4000-8D76-7F147FE82743}.Release|Any CPU.Deploy.0 = Release|x86
		{9A4E71B1-5DEB-4000-8D76-7F147FE82743}.Release|ARM.ActiveCfg = Release|ARM
		{9A4E71B1-5DEB-4000-8D76-7F147FE82743}.Release|ARM.Build.0 = Release|ARM
		{9A4E71B1-5DEB-4000-8D76-7F147FE82743}.Release|ARM.Deploy.0 = Release|ARM
		{9A4E71B1-5DEB-4000-8D76-7F147FE82743}.Release|iPhone.ActiveCfg = Release|x86
		{9A4E71B1-5DEB-4000-8D76-7F147FE82743}.Release|iPhone.Build.0 = Release|x86
		{9A4E71B1-5DEB-4000-8D76-7F147FE82743}.Release|iPhone.Deploy.0 = Release|x86
		{9A4E71B1-5DEB-4000-8D76-7F147FE82743}.Release|iPhoneSimulator.ActiveCfg = Release|x86
		{9A4E71B1-5DEB-4000-8D76-7F147FE82743}.Release|iPhoneSimulator.Build.0 = Release|x86
		{9A4E71B1-5DEB-4000-8D76-7F147FE82743}.Release|iPhoneSimulator.Deploy.0 = Release|x86
		{9A4E71B1-5DEB-4000-8D76-7F147FE82743}.Release|x64.ActiveCfg = Release|x64
		{9A4E71B1-5DEB-4000-8D76-7F147FE82743}.Release|x64.Build.0 = Release|x64
		{9A4E71B1-5DEB-4000-8D76-7F147FE82743}.Release|x64.Deploy.0 = Release|x64
		{9A4E71B1-5DEB-4000-8D76-7F147FE82743}.Release|x86.ActiveCfg = Release|x86
		{9A4E71B1-5DEB-4000-8D76-7F147FE82743}.Release|x86.Build.0 = Release|x86
		{9A4E71B1-5DEB-4000-8D76-7F147FE82743}.Release|x86.Deploy.0 = Release|x86
		{2E50B107-0796-4794-9CDA-ADD4BC3D4A64}.Ad-Hoc|Any CPU.ActiveCfg = Debug|Any CPU
		{2E50B107-0796-4794-9CDA-ADD4BC3D4A64}.Ad-Hoc|Any CPU.Build.0 = Debug|Any CPU
		{2E50B107-0796-4794-9CDA-ADD4BC3D4A64}.Ad-Hoc|Any CPU.Deploy.0 = Debug|Any CPU
		{2E50B107-0796-4794-9CDA-ADD4BC3D4A64}.Ad-Hoc|ARM.ActiveCfg = Debug|Any CPU
		{2E50B107-0796-4794-9CDA-ADD4BC3D4A64}.Ad-Hoc|ARM.Build.0 = Debug|Any CPU
		{2E50B107-0796-4794-9CDA-ADD4BC3D4A64}.Ad-Hoc|ARM.Deploy.0 = Debug|Any CPU
		{2E50B107-0796-4794-9CDA-ADD4BC3D4A64}.Ad-Hoc|iPhone.ActiveCfg = Debug|Any CPU
		{2E50B107-0796-4794-9CDA-ADD4BC3D4A64}.Ad-Hoc|iPhone.Build.0 = Debug|Any CPU
		{2E50B107-0796-4794-9CDA-ADD4BC3D4A64}.Ad-Hoc|iPhone.Deploy.0 = Debug|Any CPU
		{2E50B107-0796-4794-9CDA-ADD4BC3D4A64}.Ad-Hoc|iPhoneSimulator.ActiveCfg = Debug|Any CPU
		{2E50B107-0796-4794-9CDA-ADD4BC3D4A64}.Ad-Hoc|iPhoneSimulator.Build.0 = Debug|Any CPU
		{2E50B107-0796-4794-9CDA-ADD4BC3D4A64}.Ad-Hoc|iPhoneSimulator.Deploy.0 = Debug|Any CPU
		{2E50B107-0796-4794-9CDA-ADD4BC3D4A64}.Ad-Hoc|x64.ActiveCfg = Debug|Any CPU
		{2E50B107-0796-4794-9CDA-ADD4BC3D4A64}.Ad-Hoc|x64.Build.0 = Debug|Any CPU
		{2E50B107-0796-4794-9CDA-ADD4BC3D4A64}.Ad-Hoc|x64.Deploy.0 = Debug|Any CPU
		{2E50B107-0796-4794-9CDA-ADD4BC3D4A64}.Ad-Hoc|x86.ActiveCfg = Debug|Any CPU
		{2E50B107-0796-4794-9CDA-ADD4BC3D4A64}.Ad-Hoc|x86.Build.0 = Debug|Any CPU
		{2E50B107-0796-4794-9CDA-ADD4BC3D4A64}.Ad-Hoc|x86.Deploy.0 = Debug|Any CPU
		{2E50B107-0796-4794-9CDA-ADD4BC3D4A64}.AppStore|Any CPU.ActiveCfg = Debug|Any CPU
		{2E50B107-0796-4794-9CDA-ADD4BC3D4A64}.AppStore|Any CPU.Build.0 = Debug|Any CPU
		{2E50B107-0796-4794-9CDA-ADD4BC3D4A64}.AppStore|Any CPU.Deploy.0 = Debug|Any CPU
		{2E50B107-0796-4794-9CDA-ADD4BC3D4A64}.AppStore|ARM.ActiveCfg = Debug|Any CPU
		{2E50B107-0796-4794-9CDA-ADD4BC3D4A64}.AppStore|ARM.Build.0 = Debug|Any CPU
		{2E50B107-0796-4794-9CDA-ADD4BC3D4A64}.AppStore|ARM.Deploy.0 = Debug|Any CPU
		{2E50B107-0796-4794-9CDA-ADD4BC3D4A64}.AppStore|iPhone.ActiveCfg = Debug|Any CPU
		{2E50B107-0796-4794-9CDA-ADD4BC3D4A64}.AppStore|iPhone.Build.0 = Debug|Any CPU
		{2E50B107-0796-4794-9CDA-ADD4BC3D4A64}.AppStore|iPhone.Deploy.0 = Debug|Any CPU
		{2E50B107-0796-4794-9CDA-ADD4BC3D4A64}.AppStore|iPhoneSimulator.ActiveCfg = Debug|Any CPU
		{2E50B107-0796-4794-9CDA-ADD4BC3D4A64}.AppStore|iPhoneSimulator.Build.0 = Debug|Any CPU
		{2E50B107-0796-4794-9CDA-ADD4BC3D4A64}.AppStore|iPhoneSimulator.Deploy.0 = Debug|Any CPU
		{2E50B107-0796-4794-9CDA-ADD4BC3D4A64}.AppStore|x64.ActiveCfg = Debug|Any CPU
		{2E50B107-0796-4794-9CDA-ADD4BC3D4A64}.AppStore|x64.Build.0 = Debug|Any CPU
		{2E50B107-0796-4794-9CDA-ADD4BC3D4A64}.AppStore|x64.Deploy.0 = Debug|Any CPU
		{2E50B107-0796-4794-9CDA-ADD4BC3D4A64}.AppStore|x86.ActiveCfg = Debug|Any CPU
		{2E50B107-0796-4794-9CDA-ADD4BC3D4A64}.AppStore|x86.Build.0 = Debug|Any CPU
		{2E50B107-0796-4794-9CDA-ADD4BC3D4A64}.AppStore|x86.Deploy.0 = Debug|Any CPU
		{2E50B107-0796-4794-9CDA-ADD4BC3D4A64}.Debug|Any CPU.ActiveCfg = Debug|Any CPU
		{2E50B107-0796-4794-9CDA-ADD4BC3D4A64}.Debug|Any CPU.Build.0 = Debug|Any CPU
		{2E50B107-0796-4794-9CDA-ADD4BC3D4A64}.Debug|Any CPU.Deploy.0 = Debug|Any CPU
		{2E50B107-0796-4794-9CDA-ADD4BC3D4A64}.Debug|ARM.ActiveCfg = Debug|Any CPU
		{2E50B107-0796-4794-9CDA-ADD4BC3D4A64}.Debug|ARM.Build.0 = Debug|Any CPU
		{2E50B107-0796-4794-9CDA-ADD4BC3D4A64}.Debug|ARM.Deploy.0 = Debug|Any CPU
		{2E50B107-0796-4794-9CDA-ADD4BC3D4A64}.Debug|iPhone.ActiveCfg = Debug|Any CPU
		{2E50B107-0796-4794-9CDA-ADD4BC3D4A64}.Debug|iPhone.Build.0 = Debug|Any CPU
		{2E50B107-0796-4794-9CDA-ADD4BC3D4A64}.Debug|iPhone.Deploy.0 = Debug|Any CPU
		{2E50B107-0796-4794-9CDA-ADD4BC3D4A64}.Debug|iPhoneSimulator.ActiveCfg = Debug|Any CPU
		{2E50B107-0796-4794-9CDA-ADD4BC3D4A64}.Debug|iPhoneSimulator.Build.0 = Debug|Any CPU
		{2E50B107-0796-4794-9CDA-ADD4BC3D4A64}.Debug|iPhoneSimulator.Deploy.0 = Debug|Any CPU
		{2E50B107-0796-4794-9CDA-ADD4BC3D4A64}.Debug|x64.ActiveCfg = Debug|Any CPU
		{2E50B107-0796-4794-9CDA-ADD4BC3D4A64}.Debug|x64.Build.0 = Debug|Any CPU
		{2E50B107-0796-4794-9CDA-ADD4BC3D4A64}.Debug|x64.Deploy.0 = Debug|Any CPU
		{2E50B107-0796-4794-9CDA-ADD4BC3D4A64}.Debug|x86.ActiveCfg = Debug|Any CPU
		{2E50B107-0796-4794-9CDA-ADD4BC3D4A64}.Debug|x86.Build.0 = Debug|Any CPU
		{2E50B107-0796-4794-9CDA-ADD4BC3D4A64}.Debug|x86.Deploy.0 = Debug|Any CPU
		{2E50B107-0796-4794-9CDA-ADD4BC3D4A64}.Release|Any CPU.ActiveCfg = Release|Any CPU
		{2E50B107-0796-4794-9CDA-ADD4BC3D4A64}.Release|Any CPU.Build.0 = Release|Any CPU
		{2E50B107-0796-4794-9CDA-ADD4BC3D4A64}.Release|Any CPU.Deploy.0 = Release|Any CPU
		{2E50B107-0796-4794-9CDA-ADD4BC3D4A64}.Release|ARM.ActiveCfg = Release|Any CPU
		{2E50B107-0796-4794-9CDA-ADD4BC3D4A64}.Release|ARM.Build.0 = Release|Any CPU
		{2E50B107-0796-4794-9CDA-ADD4BC3D4A64}.Release|ARM.Deploy.0 = Release|Any CPU
		{2E50B107-0796-4794-9CDA-ADD4BC3D4A64}.Release|iPhone.ActiveCfg = Release|Any CPU
		{2E50B107-0796-4794-9CDA-ADD4BC3D4A64}.Release|iPhone.Build.0 = Release|Any CPU
		{2E50B107-0796-4794-9CDA-ADD4BC3D4A64}.Release|iPhone.Deploy.0 = Release|Any CPU
		{2E50B107-0796-4794-9CDA-ADD4BC3D4A64}.Release|iPhoneSimulator.ActiveCfg = Release|Any CPU
		{2E50B107-0796-4794-9CDA-ADD4BC3D4A64}.Release|iPhoneSimulator.Build.0 = Release|Any CPU
		{2E50B107-0796-4794-9CDA-ADD4BC3D4A64}.Release|iPhoneSimulator.Deploy.0 = Release|Any CPU
		{2E50B107-0796-4794-9CDA-ADD4BC3D4A64}.Release|x64.ActiveCfg = Release|Any CPU
		{2E50B107-0796-4794-9CDA-ADD4BC3D4A64}.Release|x64.Build.0 = Release|Any CPU
		{2E50B107-0796-4794-9CDA-ADD4BC3D4A64}.Release|x64.Deploy.0 = Release|Any CPU
		{2E50B107-0796-4794-9CDA-ADD4BC3D4A64}.Release|x86.ActiveCfg = Release|Any CPU
		{2E50B107-0796-4794-9CDA-ADD4BC3D4A64}.Release|x86.Build.0 = Release|Any CPU
		{2E50B107-0796-4794-9CDA-ADD4BC3D4A64}.Release|x86.Deploy.0 = Release|Any CPU
	EndGlobalSection
	GlobalSection(SolutionProperties) = preSolution
		HideSolutionNode = FALSE
	EndGlobalSection
	GlobalSection(ExtensibilityGlobals) = postSolution
		SolutionGuid = {FB5BC95C-F2AA-4123-9928-892FA53DA655}
	EndGlobalSection
EndGlobal
